// !$*UTF8*$!
{
	archiveVersion = 1;
	classes = {
	};
	objectVersion = 46;
	objects = {

/* Begin PBXBuildFile section */
		832270681A37D36500782FF6 /* AppDelegate.swift in Sources */ = {isa = PBXBuildFile; fileRef = 832270671A37D36500782FF6 /* AppDelegate.swift */; };
		8322706A1A37D36500782FF6 /* Images.xcassets in Resources */ = {isa = PBXBuildFile; fileRef = 832270691A37D36500782FF6 /* Images.xcassets */; };
		8322706D1A37D36500782FF6 /* MainMenu.xib in Resources */ = {isa = PBXBuildFile; fileRef = 8322706B1A37D36500782FF6 /* MainMenu.xib */; };
		832270791A37D36600782FF6 /* MouseDropTests.swift in Sources */ = {isa = PBXBuildFile; fileRef = 832270781A37D36600782FF6 /* MouseDropTests.swift */; };
		8337C33C1A5761A0006708D0 /* md5.swift in Sources */ = {isa = PBXBuildFile; fileRef = 8337C33B1A5761A0006708D0 /* md5.swift */; };
		833E73191A3FEC3900EACAAC /* SwiftyJSON.swift in Sources */ = {isa = PBXBuildFile; fileRef = 833E73181A3FEC3900EACAAC /* SwiftyJSON.swift */; };
		8363BCEC1A589BF500154311 /* USBMouse.swift in Sources */ = {isa = PBXBuildFile; fileRef = 8363BCEB1A589BF500154311 /* USBMouse.swift */; };
		8363BCEF1A589C8900154311 /* StringUtils.swift in Sources */ = {isa = PBXBuildFile; fileRef = 8363BCEE1A589C8900154311 /* StringUtils.swift */; };
		83A2DBD91A59BCEF00209727 /* Alamofire.framework in Frameworks */ = {isa = PBXBuildFile; fileRef = 83A2DBA71A59BCD300209727 /* Alamofire.framework */; };
		83A2DBDA1A59BF3700209727 /* Alamofire.framework in Copy Frameworks */ = {isa = PBXBuildFile; fileRef = 83A2DBA71A59BCD300209727 /* Alamofire.framework */; settings = {ATTRIBUTES = (RemoveHeadersOnCopy, ); }; };
/* End PBXBuildFile section */

/* Begin PBXContainerItemProxy section */
		832270731A37D36600782FF6 /* PBXContainerItemProxy */ = {
			isa = PBXContainerItemProxy;
			containerPortal = 8322705A1A37D36500782FF6 /* Project object */;
			proxyType = 1;
			remoteGlobalIDString = 832270611A37D36500782FF6;
			remoteInfo = MouseDrop;
		};
		8340E5FF1A58F0EB000087B6 /* PBXContainerItemProxy */ = {
			isa = PBXContainerItemProxy;
			containerPortal = 8340E5FA1A58F0EB000087B6 /* Alamofire.xcodeproj */;
			proxyType = 2;
			remoteGlobalIDString = F8111E3319A95C8B0040E7D1;
			remoteInfo = Alamofire;
		};
		8340E6011A58F0EB000087B6 /* PBXContainerItemProxy */ = {
			isa = PBXContainerItemProxy;
			containerPortal = 8340E5FA1A58F0EB000087B6 /* Alamofire.xcodeproj */;
			proxyType = 2;
			remoteGlobalIDString = F8111E3E19A95C8B0040E7D1;
			remoteInfo = AlamofireTests;
		};
		83A2DBA61A59BCD300209727 /* PBXContainerItemProxy */ = {
			isa = PBXContainerItemProxy;
			containerPortal = 83A2DB831A59BCD300209727 /* Alamofire.xcodeproj */;
			proxyType = 2;
			remoteGlobalIDString = F8111E3319A95C8B0040E7D1;
			remoteInfo = Alamofire;
		};
		83A2DBA81A59BCD300209727 /* PBXContainerItemProxy */ = {
			isa = PBXContainerItemProxy;
			containerPortal = 83A2DB831A59BCD300209727 /* Alamofire.xcodeproj */;
			proxyType = 2;
			remoteGlobalIDString = F8111E3E19A95C8B0040E7D1;
			remoteInfo = AlamofireTests;
		};
		83A2DBAB1A59BCD300209727 /* PBXContainerItemProxy */ = {
			isa = PBXContainerItemProxy;
			containerPortal = 83A2DB901A59BCD300209727 /* iOS Example.xcodeproj */;
			proxyType = 2;
			remoteGlobalIDString = F8111E0519A951050040E7D1;
			remoteInfo = "iOS Example";
		};
		83A2DBD21A59BCDF00209727 /* PBXContainerItemProxy */ = {
			isa = PBXContainerItemProxy;
			containerPortal = 83A2DBB01A59BCDF00209727 /* Alamofire.xcodeproj */;
			proxyType = 2;
			remoteGlobalIDString = F8111E3319A95C8B0040E7D1;
			remoteInfo = Alamofire;
		};
		83A2DBD41A59BCDF00209727 /* PBXContainerItemProxy */ = {
			isa = PBXContainerItemProxy;
			containerPortal = 83A2DBB01A59BCDF00209727 /* Alamofire.xcodeproj */;
			proxyType = 2;
			remoteGlobalIDString = F8111E3E19A95C8B0040E7D1;
			remoteInfo = AlamofireTests;
		};
		83A2DBD71A59BCDF00209727 /* PBXContainerItemProxy */ = {
			isa = PBXContainerItemProxy;
			containerPortal = 83A2DBBD1A59BCDF00209727 /* iOS Example.xcodeproj */;
			proxyType = 2;
			remoteGlobalIDString = F8111E0519A951050040E7D1;
			remoteInfo = "iOS Example";
		};
		83A2DBDB1A59BF7F00209727 /* PBXContainerItemProxy */ = {
			isa = PBXContainerItemProxy;
			containerPortal = 83A2DB831A59BCD300209727 /* Alamofire.xcodeproj */;
			proxyType = 1;
			remoteGlobalIDString = F8111E3219A95C8B0040E7D1;
			remoteInfo = Alamofire;
		};
/* End PBXContainerItemProxy section */

/* Begin PBXCopyFilesBuildPhase section */
		833E73161A3FE6F700EACAAC /* Copy Frameworks */ = {
			isa = PBXCopyFilesBuildPhase;
			buildActionMask = 2147483647;
			dstPath = "";
			dstSubfolderSpec = 10;
			files = (
				83A2DBDA1A59BF3700209727 /* Alamofire.framework in Copy Frameworks */,
			);
			name = "Copy Frameworks";
			runOnlyForDeploymentPostprocessing = 0;
		};
/* End PBXCopyFilesBuildPhase section */

/* Begin PBXFileReference section */
		832270621A37D36500782FF6 /* MouseDrop.app */ = {isa = PBXFileReference; explicitFileType = wrapper.application; includeInIndex = 0; path = MouseDrop.app; sourceTree = BUILT_PRODUCTS_DIR; };
		832270661A37D36500782FF6 /* Info.plist */ = {isa = PBXFileReference; lastKnownFileType = text.plist.xml; path = Info.plist; sourceTree = "<group>"; };
		832270671A37D36500782FF6 /* AppDelegate.swift */ = {isa = PBXFileReference; lastKnownFileType = sourcecode.swift; path = AppDelegate.swift; sourceTree = "<group>"; };
		832270691A37D36500782FF6 /* Images.xcassets */ = {isa = PBXFileReference; lastKnownFileType = folder.assetcatalog; path = Images.xcassets; sourceTree = "<group>"; };
		8322706C1A37D36500782FF6 /* Base */ = {isa = PBXFileReference; lastKnownFileType = file.xib; name = Base; path = Base.lproj/MainMenu.xib; sourceTree = "<group>"; };
		832270721A37D36600782FF6 /* MouseDropTests.xctest */ = {isa = PBXFileReference; explicitFileType = wrapper.cfbundle; includeInIndex = 0; path = MouseDropTests.xctest; sourceTree = BUILT_PRODUCTS_DIR; };
		832270771A37D36600782FF6 /* Info.plist */ = {isa = PBXFileReference; lastKnownFileType = text.plist.xml; path = Info.plist; sourceTree = "<group>"; };
		832270781A37D36600782FF6 /* MouseDropTests.swift */ = {isa = PBXFileReference; lastKnownFileType = sourcecode.swift; path = MouseDropTests.swift; sourceTree = "<group>"; };
		8337C33B1A5761A0006708D0 /* md5.swift */ = {isa = PBXFileReference; fileEncoding = 4; lastKnownFileType = sourcecode.swift; name = md5.swift; path = ../md5.swift; sourceTree = "<group>"; };
		8337C33E1A576230006708D0 /* MouseDrop-Bridging-Header.h */ = {isa = PBXFileReference; lastKnownFileType = sourcecode.c.h; name = "MouseDrop-Bridging-Header.h"; path = "MouseDrop/MouseDrop-Bridging-Header.h"; sourceTree = "<group>"; };
		833E73181A3FEC3900EACAAC /* SwiftyJSON.swift */ = {isa = PBXFileReference; fileEncoding = 4; lastKnownFileType = sourcecode.swift; path = SwiftyJSON.swift; sourceTree = "<group>"; };
		8340E5FA1A58F0EB000087B6 /* Alamofire.xcodeproj */ = {isa = PBXFileReference; lastKnownFileType = "wrapper.pb-project"; name = Alamofire.xcodeproj; path = Alamofire/Alamofire.xcodeproj; sourceTree = "<group>"; };
		8363BCEB1A589BF500154311 /* USBMouse.swift */ = {isa = PBXFileReference; fileEncoding = 4; lastKnownFileType = sourcecode.swift; path = USBMouse.swift; sourceTree = "<group>"; };
		8363BCEE1A589C8900154311 /* StringUtils.swift */ = {isa = PBXFileReference; fileEncoding = 4; lastKnownFileType = sourcecode.swift; path = StringUtils.swift; sourceTree = "<group>"; };
		83A2DB811A59BCD300209727 /* .gitignore */ = {isa = PBXFileReference; lastKnownFileType = text; path = .gitignore; sourceTree = "<group>"; };
		83A2DB821A59BCD300209727 /* Alamofire.playground */ = {isa = PBXFileReference; lastKnownFileType = file.playground; path = Alamofire.playground; sourceTree = "<group>"; };
		83A2DB831A59BCD300209727 /* Alamofire.xcodeproj */ = {isa = PBXFileReference; lastKnownFileType = "wrapper.pb-project"; path = Alamofire.xcodeproj; sourceTree = "<group>"; };
		83A2DB861A59BCD300209727 /* Alamofire.xcworkspace */ = {isa = PBXFileReference; lastKnownFileType = wrapper.workspace; path = Alamofire.xcworkspace; sourceTree = "<group>"; };
		83A2DB881A59BCD300209727 /* AppDelegate.swift */ = {isa = PBXFileReference; lastKnownFileType = sourcecode.swift; path = AppDelegate.swift; sourceTree = "<group>"; };
		83A2DB8A1A59BCD300209727 /* Base */ = {isa = PBXFileReference; lastKnownFileType = file.storyboard; name = Base; path = Base.lproj/Main.storyboard; sourceTree = "<group>"; };
		83A2DB8B1A59BCD300209727 /* DetailViewController.swift */ = {isa = PBXFileReference; lastKnownFileType = sourcecode.swift; path = DetailViewController.swift; sourceTree = "<group>"; };
		83A2DB8C1A59BCD300209727 /* HTTPBin.swift */ = {isa = PBXFileReference; lastKnownFileType = sourcecode.swift; path = HTTPBin.swift; sourceTree = "<group>"; };
		83A2DB8D1A59BCD300209727 /* Images.xcassets */ = {isa = PBXFileReference; lastKnownFileType = folder.assetcatalog; path = Images.xcassets; sourceTree = "<group>"; };
		83A2DB8E1A59BCD300209727 /* Info.plist */ = {isa = PBXFileReference; lastKnownFileType = text.plist.xml; path = Info.plist; sourceTree = "<group>"; };
		83A2DB8F1A59BCD300209727 /* MasterViewController.swift */ = {isa = PBXFileReference; lastKnownFileType = sourcecode.swift; path = MasterViewController.swift; sourceTree = "<group>"; };
		83A2DB901A59BCD300209727 /* iOS Example.xcodeproj */ = {isa = PBXFileReference; lastKnownFileType = "wrapper.pb-project"; path = "iOS Example.xcodeproj"; sourceTree = "<group>"; };
		83A2DB941A59BCD300209727 /* LICENSE */ = {isa = PBXFileReference; lastKnownFileType = text; path = LICENSE; sourceTree = "<group>"; };
		83A2DB951A59BCD300209727 /* README.md */ = {isa = PBXFileReference; lastKnownFileType = net.daringfireball.markdown; path = README.md; sourceTree = "<group>"; };
		83A2DB971A59BCD300209727 /* Alamofire.h */ = {isa = PBXFileReference; lastKnownFileType = sourcecode.c.h; path = Alamofire.h; sourceTree = "<group>"; };
		83A2DB981A59BCD300209727 /* Alamofire.swift */ = {isa = PBXFileReference; lastKnownFileType = sourcecode.swift; path = Alamofire.swift; sourceTree = "<group>"; };
		83A2DB991A59BCD300209727 /* Info.plist */ = {isa = PBXFileReference; lastKnownFileType = text.plist.xml; path = Info.plist; sourceTree = "<group>"; };
		83A2DB9B1A59BCD300209727 /* AuthenticationTests.swift */ = {isa = PBXFileReference; lastKnownFileType = sourcecode.swift; path = AuthenticationTests.swift; sourceTree = "<group>"; };
		83A2DB9C1A59BCD300209727 /* DownloadTests.swift */ = {isa = PBXFileReference; lastKnownFileType = sourcecode.swift; path = DownloadTests.swift; sourceTree = "<group>"; };
		83A2DB9D1A59BCD300209727 /* Info.plist */ = {isa = PBXFileReference; lastKnownFileType = text.plist.xml; path = Info.plist; sourceTree = "<group>"; };
		83A2DB9E1A59BCD300209727 /* ManagerTests.swift */ = {isa = PBXFileReference; lastKnownFileType = sourcecode.swift; path = ManagerTests.swift; sourceTree = "<group>"; };
		83A2DB9F1A59BCD300209727 /* ParameterEncodingTests.swift */ = {isa = PBXFileReference; lastKnownFileType = sourcecode.swift; path = ParameterEncodingTests.swift; sourceTree = "<group>"; };
		83A2DBA01A59BCD300209727 /* RequestTests.swift */ = {isa = PBXFileReference; lastKnownFileType = sourcecode.swift; path = RequestTests.swift; sourceTree = "<group>"; };
		83A2DBA11A59BCD300209727 /* ResponseTests.swift */ = {isa = PBXFileReference; lastKnownFileType = sourcecode.swift; path = ResponseTests.swift; sourceTree = "<group>"; };
		83A2DBA21A59BCD300209727 /* UploadTests.swift */ = {isa = PBXFileReference; lastKnownFileType = sourcecode.swift; path = UploadTests.swift; sourceTree = "<group>"; };
		83A2DBA31A59BCD300209727 /* ValidationTests.swift */ = {isa = PBXFileReference; lastKnownFileType = sourcecode.swift; path = ValidationTests.swift; sourceTree = "<group>"; };
		83A2DBAE1A59BCDF00209727 /* .gitignore */ = {isa = PBXFileReference; lastKnownFileType = text; path = .gitignore; sourceTree = "<group>"; };
		83A2DBAF1A59BCDF00209727 /* Alamofire.playground */ = {isa = PBXFileReference; lastKnownFileType = file.playground; path = Alamofire.playground; sourceTree = "<group>"; };
		83A2DBB01A59BCDF00209727 /* Alamofire.xcodeproj */ = {isa = PBXFileReference; lastKnownFileType = "wrapper.pb-project"; path = Alamofire.xcodeproj; sourceTree = "<group>"; };
		83A2DBB31A59BCDF00209727 /* Alamofire.xcworkspace */ = {isa = PBXFileReference; lastKnownFileType = wrapper.workspace; path = Alamofire.xcworkspace; sourceTree = "<group>"; };
		83A2DBB51A59BCDF00209727 /* AppDelegate.swift */ = {isa = PBXFileReference; lastKnownFileType = sourcecode.swift; path = AppDelegate.swift; sourceTree = "<group>"; };
		83A2DBB71A59BCDF00209727 /* Base */ = {isa = PBXFileReference; lastKnownFileType = file.storyboard; name = Base; path = Base.lproj/Main.storyboard; sourceTree = "<group>"; };
		83A2DBB81A59BCDF00209727 /* DetailViewController.swift */ = {isa = PBXFileReference; lastKnownFileType = sourcecode.swift; path = DetailViewController.swift; sourceTree = "<group>"; };
		83A2DBB91A59BCDF00209727 /* HTTPBin.swift */ = {isa = PBXFileReference; lastKnownFileType = sourcecode.swift; path = HTTPBin.swift; sourceTree = "<group>"; };
		83A2DBBA1A59BCDF00209727 /* Images.xcassets */ = {isa = PBXFileReference; lastKnownFileType = folder.assetcatalog; path = Images.xcassets; sourceTree = "<group>"; };
		83A2DBBB1A59BCDF00209727 /* Info.plist */ = {isa = PBXFileReference; lastKnownFileType = text.plist.xml; path = Info.plist; sourceTree = "<group>"; };
		83A2DBBC1A59BCDF00209727 /* MasterViewController.swift */ = {isa = PBXFileReference; lastKnownFileType = sourcecode.swift; path = MasterViewController.swift; sourceTree = "<group>"; };
		83A2DBBD1A59BCDF00209727 /* iOS Example.xcodeproj */ = {isa = PBXFileReference; lastKnownFileType = "wrapper.pb-project"; path = "iOS Example.xcodeproj"; sourceTree = "<group>"; };
		83A2DBC01A59BCDF00209727 /* LICENSE */ = {isa = PBXFileReference; lastKnownFileType = text; path = LICENSE; sourceTree = "<group>"; };
		83A2DBC11A59BCDF00209727 /* README.md */ = {isa = PBXFileReference; lastKnownFileType = net.daringfireball.markdown; path = README.md; sourceTree = "<group>"; };
		83A2DBC31A59BCDF00209727 /* Alamofire.h */ = {isa = PBXFileReference; lastKnownFileType = sourcecode.c.h; path = Alamofire.h; sourceTree = "<group>"; };
		83A2DBC41A59BCDF00209727 /* Alamofire.swift */ = {isa = PBXFileReference; lastKnownFileType = sourcecode.swift; path = Alamofire.swift; sourceTree = "<group>"; };
		83A2DBC51A59BCDF00209727 /* Info.plist */ = {isa = PBXFileReference; lastKnownFileType = text.plist.xml; path = Info.plist; sourceTree = "<group>"; };
		83A2DBC71A59BCDF00209727 /* AuthenticationTests.swift */ = {isa = PBXFileReference; lastKnownFileType = sourcecode.swift; path = AuthenticationTests.swift; sourceTree = "<group>"; };
		83A2DBC81A59BCDF00209727 /* DownloadTests.swift */ = {isa = PBXFileReference; lastKnownFileType = sourcecode.swift; path = DownloadTests.swift; sourceTree = "<group>"; };
		83A2DBC91A59BCDF00209727 /* Info.plist */ = {isa = PBXFileReference; lastKnownFileType = text.plist.xml; path = Info.plist; sourceTree = "<group>"; };
		83A2DBCA1A59BCDF00209727 /* ManagerTests.swift */ = {isa = PBXFileReference; lastKnownFileType = sourcecode.swift; path = ManagerTests.swift; sourceTree = "<group>"; };
		83A2DBCB1A59BCDF00209727 /* ParameterEncodingTests.swift */ = {isa = PBXFileReference; lastKnownFileType = sourcecode.swift; path = ParameterEncodingTests.swift; sourceTree = "<group>"; };
		83A2DBCC1A59BCDF00209727 /* RequestTests.swift */ = {isa = PBXFileReference; lastKnownFileType = sourcecode.swift; path = RequestTests.swift; sourceTree = "<group>"; };
		83A2DBCD1A59BCDF00209727 /* ResponseTests.swift */ = {isa = PBXFileReference; lastKnownFileType = sourcecode.swift; path = ResponseTests.swift; sourceTree = "<group>"; };
		83A2DBCE1A59BCDF00209727 /* UploadTests.swift */ = {isa = PBXFileReference; lastKnownFileType = sourcecode.swift; path = UploadTests.swift; sourceTree = "<group>"; };
		83A2DBCF1A59BCDF00209727 /* ValidationTests.swift */ = {isa = PBXFileReference; lastKnownFileType = sourcecode.swift; path = ValidationTests.swift; sourceTree = "<group>"; };
/* End PBXFileReference section */

/* Begin PBXFrameworksBuildPhase section */
		8322705F1A37D36500782FF6 /* Frameworks */ = {
			isa = PBXFrameworksBuildPhase;
			buildActionMask = 2147483647;
			files = (
				83A2DBD91A59BCEF00209727 /* Alamofire.framework in Frameworks */,
			);
			runOnlyForDeploymentPostprocessing = 0;
		};
		8322706F1A37D36600782FF6 /* Frameworks */ = {
			isa = PBXFrameworksBuildPhase;
			buildActionMask = 2147483647;
			files = (
			);
			runOnlyForDeploymentPostprocessing = 0;
		};
/* End PBXFrameworksBuildPhase section */

/* Begin PBXGroup section */
		832270591A37D36500782FF6 = {
			isa = PBXGroup;
			children = (
				83A2DBAD1A59BCDF00209727 /* Alamofire */,
				83A2DB801A59BCD300209727 /* Alamofire */,
				8337C33E1A576230006708D0 /* MouseDrop-Bridging-Header.h */,
				832270641A37D36500782FF6 /* MouseDrop */,
				832270751A37D36600782FF6 /* MouseDropTests */,
				832270631A37D36500782FF6 /* Products */,
				8340E5FA1A58F0EB000087B6 /* Alamofire.xcodeproj */,
			);
			sourceTree = "<group>";
		};
		832270631A37D36500782FF6 /* Products */ = {
			isa = PBXGroup;
			children = (
				832270621A37D36500782FF6 /* MouseDrop.app */,
				832270721A37D36600782FF6 /* MouseDropTests.xctest */,
			);
			name = Products;
			sourceTree = "<group>";
		};
		832270641A37D36500782FF6 /* MouseDrop */ = {
			isa = PBXGroup;
			children = (
				8337C33B1A5761A0006708D0 /* md5.swift */,
				833E73181A3FEC3900EACAAC /* SwiftyJSON.swift */,
				832270671A37D36500782FF6 /* AppDelegate.swift */,
				832270691A37D36500782FF6 /* Images.xcassets */,
				8322706B1A37D36500782FF6 /* MainMenu.xib */,
				832270651A37D36500782FF6 /* Supporting Files */,
				8363BCEB1A589BF500154311 /* USBMouse.swift */,
				8363BCEE1A589C8900154311 /* StringUtils.swift */,
			);
			path = MouseDrop;
			sourceTree = "<group>";
		};
		832270651A37D36500782FF6 /* Supporting Files */ = {
			isa = PBXGroup;
			children = (
				832270661A37D36500782FF6 /* Info.plist */,
			);
			name = "Supporting Files";
			sourceTree = "<group>";
		};
		832270751A37D36600782FF6 /* MouseDropTests */ = {
			isa = PBXGroup;
			children = (
				832270781A37D36600782FF6 /* MouseDropTests.swift */,
				832270761A37D36600782FF6 /* Supporting Files */,
			);
			path = MouseDropTests;
			sourceTree = "<group>";
		};
		832270761A37D36600782FF6 /* Supporting Files */ = {
			isa = PBXGroup;
			children = (
				832270771A37D36600782FF6 /* Info.plist */,
			);
			name = "Supporting Files";
			sourceTree = "<group>";
		};
		8340E5FB1A58F0EB000087B6 /* Products */ = {
			isa = PBXGroup;
			children = (
				8340E6001A58F0EB000087B6 /* Alamofire.framework */,
				8340E6021A58F0EB000087B6 /* AlamofireTests.xctest */,
			);
			name = Products;
			sourceTree = "<group>";
		};
		83A2DB801A59BCD300209727 /* Alamofire */ = {
			isa = PBXGroup;
			children = (
				83A2DB811A59BCD300209727 /* .gitignore */,
				83A2DB821A59BCD300209727 /* Alamofire.playground */,
				83A2DB831A59BCD300209727 /* Alamofire.xcodeproj */,
				83A2DB861A59BCD300209727 /* Alamofire.xcworkspace */,
				83A2DB871A59BCD300209727 /* Example */,
				83A2DB901A59BCD300209727 /* iOS Example.xcodeproj */,
				83A2DB941A59BCD300209727 /* LICENSE */,
				83A2DB951A59BCD300209727 /* README.md */,
				83A2DB961A59BCD300209727 /* Source */,
				83A2DB9A1A59BCD300209727 /* Tests */,
			);
			path = Alamofire;
			sourceTree = "<group>";
		};
		83A2DB841A59BCD300209727 /* Products */ = {
			isa = PBXGroup;
			children = (
				83A2DBA71A59BCD300209727 /* Alamofire.framework */,
				83A2DBA91A59BCD300209727 /* AlamofireTests.xctest */,
			);
			name = Products;
			sourceTree = "<group>";
		};
		83A2DB871A59BCD300209727 /* Example */ = {
			isa = PBXGroup;
			children = (
				83A2DB881A59BCD300209727 /* AppDelegate.swift */,
				83A2DB891A59BCD300209727 /* Main.storyboard */,
				83A2DB8B1A59BCD300209727 /* DetailViewController.swift */,
				83A2DB8C1A59BCD300209727 /* HTTPBin.swift */,
				83A2DB8D1A59BCD300209727 /* Images.xcassets */,
				83A2DB8E1A59BCD300209727 /* Info.plist */,
				83A2DB8F1A59BCD300209727 /* MasterViewController.swift */,
			);
			path = Example;
			sourceTree = "<group>";
		};
		83A2DB911A59BCD300209727 /* Products */ = {
			isa = PBXGroup;
			children = (
				83A2DBAC1A59BCD300209727 /* iOS Example.app */,
			);
			name = Products;
			sourceTree = "<group>";
		};
		83A2DB961A59BCD300209727 /* Source */ = {
			isa = PBXGroup;
			children = (
				83A2DB971A59BCD300209727 /* Alamofire.h */,
				83A2DB981A59BCD300209727 /* Alamofire.swift */,
				83A2DB991A59BCD300209727 /* Info.plist */,
			);
			path = Source;
			sourceTree = "<group>";
		};
		83A2DB9A1A59BCD300209727 /* Tests */ = {
			isa = PBXGroup;
			children = (
				83A2DB9B1A59BCD300209727 /* AuthenticationTests.swift */,
				83A2DB9C1A59BCD300209727 /* DownloadTests.swift */,
				83A2DB9D1A59BCD300209727 /* Info.plist */,
				83A2DB9E1A59BCD300209727 /* ManagerTests.swift */,
				83A2DB9F1A59BCD300209727 /* ParameterEncodingTests.swift */,
				83A2DBA01A59BCD300209727 /* RequestTests.swift */,
				83A2DBA11A59BCD300209727 /* ResponseTests.swift */,
				83A2DBA21A59BCD300209727 /* UploadTests.swift */,
				83A2DBA31A59BCD300209727 /* ValidationTests.swift */,
			);
			path = Tests;
			sourceTree = "<group>";
		};
		83A2DBAD1A59BCDF00209727 /* Alamofire */ = {
			isa = PBXGroup;
			children = (
				83A2DBAE1A59BCDF00209727 /* .gitignore */,
				83A2DBAF1A59BCDF00209727 /* Alamofire.playground */,
				83A2DBB01A59BCDF00209727 /* Alamofire.xcodeproj */,
				83A2DBB31A59BCDF00209727 /* Alamofire.xcworkspace */,
				83A2DBB41A59BCDF00209727 /* Example */,
				83A2DBBD1A59BCDF00209727 /* iOS Example.xcodeproj */,
				83A2DBC01A59BCDF00209727 /* LICENSE */,
				83A2DBC11A59BCDF00209727 /* README.md */,
				83A2DBC21A59BCDF00209727 /* Source */,
				83A2DBC61A59BCDF00209727 /* Tests */,
			);
			path = Alamofire;
			sourceTree = "<group>";
		};
		83A2DBB11A59BCDF00209727 /* Products */ = {
			isa = PBXGroup;
			children = (
				83A2DBD31A59BCDF00209727 /* Alamofire.framework */,
				83A2DBD51A59BCDF00209727 /* AlamofireTests.xctest */,
			);
			name = Products;
			sourceTree = "<group>";
		};
		83A2DBB41A59BCDF00209727 /* Example */ = {
			isa = PBXGroup;
			children = (
				83A2DBB51A59BCDF00209727 /* AppDelegate.swift */,
				83A2DBB61A59BCDF00209727 /* Main.storyboard */,
				83A2DBB81A59BCDF00209727 /* DetailViewController.swift */,
				83A2DBB91A59BCDF00209727 /* HTTPBin.swift */,
				83A2DBBA1A59BCDF00209727 /* Images.xcassets */,
				83A2DBBB1A59BCDF00209727 /* Info.plist */,
				83A2DBBC1A59BCDF00209727 /* MasterViewController.swift */,
			);
			path = Example;
			sourceTree = "<group>";
		};
		83A2DBBE1A59BCDF00209727 /* Products */ = {
			isa = PBXGroup;
			children = (
				83A2DBD81A59BCDF00209727 /* iOS Example.app */,
			);
			name = Products;
			sourceTree = "<group>";
		};
		83A2DBC21A59BCDF00209727 /* Source */ = {
			isa = PBXGroup;
			children = (
				83A2DBC31A59BCDF00209727 /* Alamofire.h */,
				83A2DBC41A59BCDF00209727 /* Alamofire.swift */,
				83A2DBC51A59BCDF00209727 /* Info.plist */,
			);
			path = Source;
			sourceTree = "<group>";
		};
		83A2DBC61A59BCDF00209727 /* Tests */ = {
			isa = PBXGroup;
			children = (
				83A2DBC71A59BCDF00209727 /* AuthenticationTests.swift */,
				83A2DBC81A59BCDF00209727 /* DownloadTests.swift */,
				83A2DBC91A59BCDF00209727 /* Info.plist */,
				83A2DBCA1A59BCDF00209727 /* ManagerTests.swift */,
				83A2DBCB1A59BCDF00209727 /* ParameterEncodingTests.swift */,
				83A2DBCC1A59BCDF00209727 /* RequestTests.swift */,
				83A2DBCD1A59BCDF00209727 /* ResponseTests.swift */,
				83A2DBCE1A59BCDF00209727 /* UploadTests.swift */,
				83A2DBCF1A59BCDF00209727 /* ValidationTests.swift */,
			);
			path = Tests;
			sourceTree = "<group>";
		};
/* End PBXGroup section */

/* Begin PBXNativeTarget section */
		832270611A37D36500782FF6 /* MouseDrop */ = {
			isa = PBXNativeTarget;
			buildConfigurationList = 8322707C1A37D36600782FF6 /* Build configuration list for PBXNativeTarget "MouseDrop" */;
			buildPhases = (
				8322705E1A37D36500782FF6 /* Sources */,
				8322705F1A37D36500782FF6 /* Frameworks */,
				832270601A37D36500782FF6 /* Resources */,
				833E73161A3FE6F700EACAAC /* Copy Frameworks */,
			);
			buildRules = (
			);
			dependencies = (
				83A2DBDC1A59BF7F00209727 /* PBXTargetDependency */,
			);
			name = MouseDrop;
			productName = MouseDrop;
			productReference = 832270621A37D36500782FF6 /* MouseDrop.app */;
			productType = "com.apple.product-type.application";
		};
		832270711A37D36600782FF6 /* MouseDropTests */ = {
			isa = PBXNativeTarget;
			buildConfigurationList = 8322707F1A37D36600782FF6 /* Build configuration list for PBXNativeTarget "MouseDropTests" */;
			buildPhases = (
				8322706E1A37D36600782FF6 /* Sources */,
				8322706F1A37D36600782FF6 /* Frameworks */,
				832270701A37D36600782FF6 /* Resources */,
			);
			buildRules = (
			);
			dependencies = (
				832270741A37D36600782FF6 /* PBXTargetDependency */,
			);
			name = MouseDropTests;
			productName = MouseDropTests;
			productReference = 832270721A37D36600782FF6 /* MouseDropTests.xctest */;
			productType = "com.apple.product-type.bundle.unit-test";
		};
/* End PBXNativeTarget section */

/* Begin PBXProject section */
		8322705A1A37D36500782FF6 /* Project object */ = {
			isa = PBXProject;
			attributes = {
				LastUpgradeCheck = 0610;
				ORGANIZATIONNAME = chris;
				TargetAttributes = {
					832270611A37D36500782FF6 = {
						CreatedOnToolsVersion = 6.1;
					};
					832270711A37D36600782FF6 = {
						CreatedOnToolsVersion = 6.1;
						TestTargetID = 832270611A37D36500782FF6;
					};
				};
			};
			buildConfigurationList = 8322705D1A37D36500782FF6 /* Build configuration list for PBXProject "MouseDrop" */;
			compatibilityVersion = "Xcode 3.2";
			developmentRegion = English;
			hasScannedForEncodings = 0;
			knownRegions = (
				en,
				Base,
			);
			mainGroup = 832270591A37D36500782FF6;
			productRefGroup = 832270631A37D36500782FF6 /* Products */;
			projectDirPath = "";
			projectReferences = (
				{
					ProductGroup = 83A2DB841A59BCD300209727 /* Products */;
					ProjectRef = 83A2DB831A59BCD300209727 /* Alamofire.xcodeproj */;
				},
				{
					ProductGroup = 83A2DBB11A59BCDF00209727 /* Products */;
					ProjectRef = 83A2DBB01A59BCDF00209727 /* Alamofire.xcodeproj */;
				},
				{
					ProductGroup = 8340E5FB1A58F0EB000087B6 /* Products */;
					ProjectRef = 8340E5FA1A58F0EB000087B6 /* Alamofire.xcodeproj */;
				},
				{
					ProductGroup = 83A2DB911A59BCD300209727 /* Products */;
					ProjectRef = 83A2DB901A59BCD300209727 /* iOS Example.xcodeproj */;
				},
				{
					ProductGroup = 83A2DBBE1A59BCDF00209727 /* Products */;
					ProjectRef = 83A2DBBD1A59BCDF00209727 /* iOS Example.xcodeproj */;
				},
			);
			projectRoot = "";
			targets = (
				832270611A37D36500782FF6 /* MouseDrop */,
				832270711A37D36600782FF6 /* MouseDropTests */,
			);
		};
/* End PBXProject section */

/* Begin PBXReferenceProxy section */
		8340E6001A58F0EB000087B6 /* Alamofire.framework */ = {
			isa = PBXReferenceProxy;
			fileType = wrapper.framework;
			path = Alamofire.framework;
			remoteRef = 8340E5FF1A58F0EB000087B6 /* PBXContainerItemProxy */;
			sourceTree = BUILT_PRODUCTS_DIR;
		};
		8340E6021A58F0EB000087B6 /* AlamofireTests.xctest */ = {
			isa = PBXReferenceProxy;
			fileType = wrapper.cfbundle;
			path = AlamofireTests.xctest;
			remoteRef = 8340E6011A58F0EB000087B6 /* PBXContainerItemProxy */;
			sourceTree = BUILT_PRODUCTS_DIR;
		};
		83A2DBA71A59BCD300209727 /* Alamofire.framework */ = {
			isa = PBXReferenceProxy;
			fileType = wrapper.framework;
			path = Alamofire.framework;
			remoteRef = 83A2DBA61A59BCD300209727 /* PBXContainerItemProxy */;
			sourceTree = BUILT_PRODUCTS_DIR;
		};
		83A2DBA91A59BCD300209727 /* AlamofireTests.xctest */ = {
			isa = PBXReferenceProxy;
			fileType = wrapper.cfbundle;
			path = AlamofireTests.xctest;
			remoteRef = 83A2DBA81A59BCD300209727 /* PBXContainerItemProxy */;
			sourceTree = BUILT_PRODUCTS_DIR;
		};
		83A2DBAC1A59BCD300209727 /* iOS Example.app */ = {
			isa = PBXReferenceProxy;
			fileType = wrapper.application;
			path = "iOS Example.app";
			remoteRef = 83A2DBAB1A59BCD300209727 /* PBXContainerItemProxy */;
			sourceTree = BUILT_PRODUCTS_DIR;
		};
		83A2DBD31A59BCDF00209727 /* Alamofire.framework */ = {
			isa = PBXReferenceProxy;
			fileType = wrapper.framework;
			path = Alamofire.framework;
			remoteRef = 83A2DBD21A59BCDF00209727 /* PBXContainerItemProxy */;
			sourceTree = BUILT_PRODUCTS_DIR;
		};
		83A2DBD51A59BCDF00209727 /* AlamofireTests.xctest */ = {
			isa = PBXReferenceProxy;
			fileType = wrapper.cfbundle;
			path = AlamofireTests.xctest;
			remoteRef = 83A2DBD41A59BCDF00209727 /* PBXContainerItemProxy */;
			sourceTree = BUILT_PRODUCTS_DIR;
		};
		83A2DBD81A59BCDF00209727 /* iOS Example.app */ = {
			isa = PBXReferenceProxy;
			fileType = wrapper.application;
			path = "iOS Example.app";
			remoteRef = 83A2DBD71A59BCDF00209727 /* PBXContainerItemProxy */;
			sourceTree = BUILT_PRODUCTS_DIR;
		};
/* End PBXReferenceProxy section */

/* Begin PBXResourcesBuildPhase section */
		832270601A37D36500782FF6 /* Resources */ = {
			isa = PBXResourcesBuildPhase;
			buildActionMask = 2147483647;
			files = (
				8322706A1A37D36500782FF6 /* Images.xcassets in Resources */,
				8322706D1A37D36500782FF6 /* MainMenu.xib in Resources */,
			);
			runOnlyForDeploymentPostprocessing = 0;
		};
		832270701A37D36600782FF6 /* Resources */ = {
			isa = PBXResourcesBuildPhase;
			buildActionMask = 2147483647;
			files = (
			);
			runOnlyForDeploymentPostprocessing = 0;
		};
/* End PBXResourcesBuildPhase section */

/* Begin PBXSourcesBuildPhase section */
		8322705E1A37D36500782FF6 /* Sources */ = {
			isa = PBXSourcesBuildPhase;
			buildActionMask = 2147483647;
			files = (
				8363BCEC1A589BF500154311 /* USBMouse.swift in Sources */,
				8363BCEF1A589C8900154311 /* StringUtils.swift in Sources */,
				832270681A37D36500782FF6 /* AppDelegate.swift in Sources */,
				833E73191A3FEC3900EACAAC /* SwiftyJSON.swift in Sources */,
				8337C33C1A5761A0006708D0 /* md5.swift in Sources */,
			);
			runOnlyForDeploymentPostprocessing = 0;
		};
		8322706E1A37D36600782FF6 /* Sources */ = {
			isa = PBXSourcesBuildPhase;
			buildActionMask = 2147483647;
			files = (
				832270791A37D36600782FF6 /* MouseDropTests.swift in Sources */,
			);
			runOnlyForDeploymentPostprocessing = 0;
		};
/* End PBXSourcesBuildPhase section */

/* Begin PBXTargetDependency section */
		832270741A37D36600782FF6 /* PBXTargetDependency */ = {
			isa = PBXTargetDependency;
			target = 832270611A37D36500782FF6 /* MouseDrop */;
			targetProxy = 832270731A37D36600782FF6 /* PBXContainerItemProxy */;
		};
		83A2DBDC1A59BF7F00209727 /* PBXTargetDependency */ = {
			isa = PBXTargetDependency;
			name = Alamofire;
			targetProxy = 83A2DBDB1A59BF7F00209727 /* PBXContainerItemProxy */;
		};
/* End PBXTargetDependency section */

/* Begin PBXVariantGroup section */
		8322706B1A37D36500782FF6 /* MainMenu.xib */ = {
			isa = PBXVariantGroup;
			children = (
				8322706C1A37D36500782FF6 /* Base */,
			);
			name = MainMenu.xib;
			sourceTree = "<group>";
		};
		83A2DB891A59BCD300209727 /* Main.storyboard */ = {
			isa = PBXVariantGroup;
			children = (
				83A2DB8A1A59BCD300209727 /* Base */,
			);
			name = Main.storyboard;
			sourceTree = "<group>";
		};
		83A2DBB61A59BCDF00209727 /* Main.storyboard */ = {
			isa = PBXVariantGroup;
			children = (
				83A2DBB71A59BCDF00209727 /* Base */,
			);
			name = Main.storyboard;
			sourceTree = "<group>";
		};
/* End PBXVariantGroup section */

/* Begin XCBuildConfiguration section */
		8322707A1A37D36600782FF6 /* Debug */ = {
			isa = XCBuildConfiguration;
			buildSettings = {
				ALWAYS_SEARCH_USER_PATHS = NO;
				CLANG_CXX_LANGUAGE_STANDARD = "gnu++0x";
				CLANG_CXX_LIBRARY = "libc++";
				CLANG_ENABLE_MODULES = YES;
				CLANG_ENABLE_OBJC_ARC = YES;
				CLANG_WARN_BOOL_CONVERSION = YES;
				CLANG_WARN_CONSTANT_CONVERSION = YES;
				CLANG_WARN_DIRECT_OBJC_ISA_USAGE = YES_ERROR;
				CLANG_WARN_EMPTY_BODY = YES;
				CLANG_WARN_ENUM_CONVERSION = YES;
				CLANG_WARN_INT_CONVERSION = YES;
				CLANG_WARN_OBJC_ROOT_CLASS = YES_ERROR;
				CLANG_WARN_UNREACHABLE_CODE = YES;
				CLANG_WARN__DUPLICATE_METHOD_MATCH = YES;
				CODE_SIGN_IDENTITY = "-";
				COPY_PHASE_STRIP = NO;
				ENABLE_STRICT_OBJC_MSGSEND = YES;
				GCC_C_LANGUAGE_STANDARD = gnu99;
				GCC_DYNAMIC_NO_PIC = NO;
				GCC_OPTIMIZATION_LEVEL = 0;
				GCC_PREPROCESSOR_DEFINITIONS = (
					"DEBUG=1",
					"$(inherited)",
				);
				GCC_SYMBOLS_PRIVATE_EXTERN = NO;
				GCC_WARN_64_TO_32_BIT_CONVERSION = YES;
				GCC_WARN_ABOUT_RETURN_TYPE = YES_ERROR;
				GCC_WARN_UNDECLARED_SELECTOR = YES;
				GCC_WARN_UNINITIALIZED_AUTOS = YES_AGGRESSIVE;
				GCC_WARN_UNUSED_FUNCTION = YES;
				GCC_WARN_UNUSED_VARIABLE = YES;
				MACOSX_DEPLOYMENT_TARGET = 10.10;
				MTL_ENABLE_DEBUG_INFO = YES;
				ONLY_ACTIVE_ARCH = YES;
				SDKROOT = macosx;
				SWIFT_OPTIMIZATION_LEVEL = "-Onone";
			};
			name = Debug;
		};
		8322707B1A37D36600782FF6 /* Release */ = {
			isa = XCBuildConfiguration;
			buildSettings = {
				ALWAYS_SEARCH_USER_PATHS = NO;
				CLANG_CXX_LANGUAGE_STANDARD = "gnu++0x";
				CLANG_CXX_LIBRARY = "libc++";
				CLANG_ENABLE_MODULES = YES;
				CLANG_ENABLE_OBJC_ARC = YES;
				CLANG_WARN_BOOL_CONVERSION = YES;
				CLANG_WARN_CONSTANT_CONVERSION = YES;
				CLANG_WARN_DIRECT_OBJC_ISA_USAGE = YES_ERROR;
				CLANG_WARN_EMPTY_BODY = YES;
				CLANG_WARN_ENUM_CONVERSION = YES;
				CLANG_WARN_INT_CONVERSION = YES;
				CLANG_WARN_OBJC_ROOT_CLASS = YES_ERROR;
				CLANG_WARN_UNREACHABLE_CODE = YES;
				CLANG_WARN__DUPLICATE_METHOD_MATCH = YES;
				CODE_SIGN_IDENTITY = "-";
				COPY_PHASE_STRIP = YES;
				DEBUG_INFORMATION_FORMAT = "dwarf-with-dsym";
				ENABLE_NS_ASSERTIONS = NO;
				ENABLE_STRICT_OBJC_MSGSEND = YES;
				GCC_C_LANGUAGE_STANDARD = gnu99;
				GCC_WARN_64_TO_32_BIT_CONVERSION = YES;
				GCC_WARN_ABOUT_RETURN_TYPE = YES_ERROR;
				GCC_WARN_UNDECLARED_SELECTOR = YES;
				GCC_WARN_UNINITIALIZED_AUTOS = YES_AGGRESSIVE;
				GCC_WARN_UNUSED_FUNCTION = YES;
				GCC_WARN_UNUSED_VARIABLE = YES;
				MACOSX_DEPLOYMENT_TARGET = 10.10;
				MTL_ENABLE_DEBUG_INFO = NO;
				SDKROOT = macosx;
			};
			name = Release;
		};
		8322707D1A37D36600782FF6 /* Debug */ = {
			isa = XCBuildConfiguration;
			buildSettings = {
				ASSETCATALOG_COMPILER_APPICON_NAME = AppIcon;
				CLANG_ENABLE_MODULES = YES;
				CODE_SIGN_IDENTITY = "";
				COMBINE_HIDPI_IMAGES = YES;
				INFOPLIST_FILE = MouseDrop/Info.plist;
				LD_RUNPATH_SEARCH_PATHS = "$(inherited) @executable_path/../Frameworks";
				MACOSX_DEPLOYMENT_TARGET = 10.10;
				PRODUCT_NAME = "$(TARGET_NAME)";
				SWIFT_INSTALL_OBJC_HEADER = NO;
				SWIFT_OBJC_BRIDGING_HEADER = "MouseDrop/MouseDrop-Bridging-Header.h";
				SWIFT_OPTIMIZATION_LEVEL = "-Onone";
			};
			name = Debug;
		};
		8322707E1A37D36600782FF6 /* Release */ = {
			isa = XCBuildConfiguration;
			buildSettings = {
				ASSETCATALOG_COMPILER_APPICON_NAME = AppIcon;
				CLANG_ENABLE_MODULES = YES;
				CODE_SIGN_IDENTITY = "";
				COMBINE_HIDPI_IMAGES = YES;
				INFOPLIST_FILE = MouseDrop/Info.plist;
				LD_RUNPATH_SEARCH_PATHS = "$(inherited) @executable_path/../Frameworks";
				MACOSX_DEPLOYMENT_TARGET = 10.10;
				PRODUCT_NAME = "$(TARGET_NAME)";
				SWIFT_INSTALL_OBJC_HEADER = NO;
				SWIFT_OBJC_BRIDGING_HEADER = "MouseDrop/MouseDrop-Bridging-Header.h";
			};
			name = Release;
		};
		832270801A37D36600782FF6 /* Debug */ = {
			isa = XCBuildConfiguration;
			buildSettings = {
				BUNDLE_LOADER = "$(TEST_HOST)";
				COMBINE_HIDPI_IMAGES = YES;
				FRAMEWORK_SEARCH_PATHS = (
					"$(DEVELOPER_FRAMEWORKS_DIR)",
					"$(inherited)",
				);
				GCC_PREPROCESSOR_DEFINITIONS = (
					"DEBUG=1",
					"$(inherited)",
				);
				INFOPLIST_FILE = MouseDropTests/Info.plist;
				LD_RUNPATH_SEARCH_PATHS = "$(inherited) @executable_path/../Frameworks @loader_path/../Frameworks";
				PRODUCT_NAME = "$(TARGET_NAME)";
				TEST_HOST = "$(BUILT_PRODUCTS_DIR)/MouseDrop.app/Contents/MacOS/MouseDrop";
			};
			name = Debug;
		};
		832270811A37D36600782FF6 /* Release */ = {
			isa = XCBuildConfiguration;
			buildSettings = {
				BUNDLE_LOADER = "$(TEST_HOST)";
				COMBINE_HIDPI_IMAGES = YES;
				FRAMEWORK_SEARCH_PATHS = (
					"$(DEVELOPER_FRAMEWORKS_DIR)",
					"$(inherited)",
				);
				INFOPLIST_FILE = MouseDropTests/Info.plist;
				LD_RUNPATH_SEARCH_PATHS = "$(inherited) @executable_path/../Frameworks @loader_path/../Frameworks";
				PRODUCT_NAME = "$(TARGET_NAME)";
				TEST_HOST = "$(BUILT_PRODUCTS_DIR)/MouseDrop.app/Contents/MacOS/MouseDrop";
			};
			name = Release;
		};
/* End XCBuildConfiguration section */

/* Begin XCConfigurationList section */
		8322705D1A37D36500782FF6 /* Build configuration list for PBXProject "MouseDrop" */ = {
			isa = XCConfigurationList;
			buildConfigurations = (
				8322707A1A37D36600782FF6 /* Debug */,
				8322707B1A37D36600782FF6 /* Release */,
			);
			defaultConfigurationIsVisible = 0;
			defaultConfigurationName = Release;
		};
		8322707C1A37D36600782FF6 /* Build configuration list for PBXNativeTarget "MouseDrop" */ = {
			isa = XCConfigurationList;
			buildConfigurations = (
				8322707D1A37D36600782FF6 /* Debug */,
				8322707E1A37D36600782FF6 /* Release */,
			);
			defaultConfigurationIsVisible = 0;
			defaultConfigurationName = Release;
		};
		8322707F1A37D36600782FF6 /* Build configuration list for PBXNativeTarget "MouseDropTests" */ = {
			isa = XCConfigurationList;
			buildConfigurations = (
				832270801A37D36600782FF6 /* Debug */,
				832270811A37D36600782FF6 /* Release */,
			);
			defaultConfigurationIsVisible = 0;
			defaultConfigurationName = Release;
		};
/* End XCConfigurationList section */
	};
	rootObject = 8322705A1A37D36500782FF6 /* Project object */;
}
